
Microsoft Visual Studio Solution File, Format Version 12.00
# Visual Studio Version 17
VisualStudioVersion = 17.14.36811.4 d17.14
MinimumVisualStudioVersion = 10.0.40219.1
Project("{FAE04EC0-301F-11D3-BF4B-00C04F79EFBC}") = "WatchStore.Api", "WatchStore.Api\WatchStore.Api.csproj", "{1D546E19-BD4C-48F6-A34A-3CE08C51E295}"
EndProject
Project("{FAE04EC0-301F-11D3-BF4B-00C04F79EFBC}") = "WatchStore.Maui", "WatchStore.Maui\WatchStore.Maui.csproj", "{45FFDD99-93C8-4076-90EC-7A6697D53FF8}"
EndProject
Global
	GlobalSection(SolutionConfigurationPlatforms) = preSolution
		Debug|Any CPU = Debug|Any CPU
		Release|Any CPU = Release|Any CPU
	EndGlobalSection
	GlobalSection(ProjectConfigurationPlatforms) = postSolution
		{1D546E19-BD4C-48F6-A34A-3CE08C51E295}.Debug|Any CPU.ActiveCfg = Debug|Any CPU
		{1D546E19-BD4C-48F6-A34A-3CE08C51E295}.Debug|Any CPU.Build.0 = Debug|Any CPU
		{1D546E19-BD4C-48F6-A34A-3CE08C51E295}.Release|Any CPU.ActiveCfg = Release|Any CPU
		{1D546E19-BD4C-48F6-A34A-3CE08C51E295}.Release|Any CPU.Build.0 = Release|Any CPU
		{45FFDD99-93C8-4076-90EC-7A6697D53FF8}.Debug|Any CPU.ActiveCfg = Debug|Any CPU
		{45FFDD99-93C8-4076-90EC-7A6697D53FF8}.Debug|Any CPU.Build.0 = Debug|Any CPU
		{45FFDD99-93C8-4076-90EC-7A6697D53FF8}.Release|Any CPU.ActiveCfg = Release|Any CPU
		{45FFDD99-93C8-4076-90EC-7A6697D53FF8}.Release|Any CPU.Build.0 = Release|Any CPU
	EndGlobalSection
	GlobalSection(SolutionProperties) = preSolution
		HideSolutionNode = FALSE
	EndGlobalSection
	GlobalSection(ExtensibilityGlobals) = postSolution
		SolutionGuid = {7B43464A-E1D3-4BBE-BE12-3B64A7E9443A}
	EndGlobalSection
EndGlobal
